dependencies:
- name: app-db
  repository: file://../charts/app-db
  version: 0.1.0
- name: redis
  repository: file://../charts/redis
  version: 0.1.0
- name: anonymizer
  repository: file://../charts/anonymizer
  version: 0.1.0
- name: fhir-server
  repository: file://../charts/fhir-server
  version: 0.1.0
- name: fhir-server
  repository: file://../charts/fhir-server
  version: 0.1.0
- name: gpas
  repository: file://../charts/gpas
  version: 0.1.0
- name: ui
  repository: file://../charts/ui
  version: 0.1.0
- name: worker
  repository: file://../charts/worker
  version: 0.1.0
- name: analytics
  repository: file://../charts/analytics
  version: 0.1.0
- name: nlp
  repository: file://../charts/nlp
  version: 0.1.0
digest: sha256:4460745bdc6f7b2e8c42ddedeb44342d40066b813a51752ba51955f1aeee50c2
generated: "2026-05-07T14:00:38.301807622+02:00"
